// !$*UTF8*$!
{
	archiveVersion = 1;
	classes = {
	};
	objectVersion = 56;
	objects = {

/* Begin PBXBuildFile section */
		A10000000000000000000011 /* GymWorkoutApp.swift in Sources */ = {isa = PBXBuildFile; fileRef = A10000000000000000000001 /* GymWorkoutApp.swift */; };
		A10000000000000000000012 /* ExerciseModelTests.swift in Sources */ = {isa = PBXBuildFile; fileRef = A10000000000000000000002 /* ExerciseModelTests.swift */; };
		A10000000000000000000013 /* Exercise.swift in Sources */ = {isa = PBXBuildFile; fileRef = A10000000000000000000005 /* Exercise.swift */; };
		A10000000000000000000014 /* WorkoutSession.swift in Sources */ = {isa = PBXBuildFile; fileRef = A10000000000000000000006 /* WorkoutSession.swift */; };
		A10000000000000000000015 /* SeedWorkoutFactory.swift in Sources */ = {isa = PBXBuildFile; fileRef = A10000000000000000000007 /* SeedWorkoutFactory.swift */; };
		A10000000000000000000016 /* SeedWorkoutFactoryTests.swift in Sources */ = {isa = PBXBuildFile; fileRef = A10000000000000000000008 /* SeedWorkoutFactoryTests.swift */; };
		A10000000000000000000017 /* Assets.xcassets in Resources */ = {isa = PBXBuildFile; fileRef = A10000000000000000000009 /* Assets.xcassets */; };
		A10000000000000000000018 /* WorkoutSessionStore.swift in Sources */ = {isa = PBXBuildFile; fileRef = A10000000000000000000023 /* WorkoutSessionStore.swift */; };
		A10000000000000000000019 /* WorkoutSessionStoreTests.swift in Sources */ = {isa = PBXBuildFile; fileRef = A10000000000000000000024 /* WorkoutSessionStoreTests.swift */; };
/* End PBXBuildFile section */

/* Begin PBXFileReference section */
		A10000000000000000000001 /* GymWorkoutApp.swift */ = {isa = PBXFileReference; lastKnownFileType = sourcecode.swift; path = GymWorkoutApp.swift; sourceTree = "<group>"; };
		A10000000000000000000002 /* ExerciseModelTests.swift */ = {isa = PBXFileReference; lastKnownFileType = sourcecode.swift; path = ExerciseModelTests.swift; sourceTree = "<group>"; };
		A10000000000000000000003 /* GymWorkout.app */ = {isa = PBXFileReference; explicitFileType = wrapper.application; includeInIndex = 0; path = GymWorkout.app; sourceTree = BUILT_PRODUCTS_DIR; };
		A10000000000000000000004 /* GymWorkoutTests.xctest */ = {isa = PBXFileReference; explicitFileType = wrapper.cfbundle; includeInIndex = 0; path = GymWorkoutTests.xctest; sourceTree = BUILT_PRODUCTS_DIR; };
		A10000000000000000000005 /* Exercise.swift */ = {isa = PBXFileReference; lastKnownFileType = sourcecode.swift; path = Exercise.swift; sourceTree = "<group>"; };
		A10000000000000000000006 /* WorkoutSession.swift */ = {isa = PBXFileReference; lastKnownFileType = sourcecode.swift; path = WorkoutSession.swift; sourceTree = "<group>"; };
		A10000000000000000000007 /* SeedWorkoutFactory.swift */ = {isa = PBXFileReference; lastKnownFileType = sourcecode.swift; path = SeedWorkoutFactory.swift; sourceTree = "<group>"; };
		A10000000000000000000008 /* SeedWorkoutFactoryTests.swift */ = {isa = PBXFileReference; lastKnownFileType = sourcecode.swift; path = SeedWorkoutFactoryTests.swift; sourceTree = "<group>"; };
		A10000000000000000000009 /* Assets.xcassets */ = {isa = PBXFileReference; lastKnownFileType = folder.assetcatalog; path = Assets.xcassets; sourceTree = "<group>"; };
		A10000000000000000000023 /* WorkoutSessionStore.swift */ = {isa = PBXFileReference; lastKnownFileType = sourcecode.swift; path = WorkoutSessionStore.swift; sourceTree = "<group>"; };
		A10000000000000000000024 /* WorkoutSessionStoreTests.swift */ = {isa = PBXFileReference; lastKnownFileType = sourcecode.swift; path = WorkoutSessionStoreTests.swift; sourceTree = "<group>"; };
/* End PBXFileReference section */

/* Begin PBXFrameworksBuildPhase section */
		A10000000000000000000021 /* Frameworks */ = {isa = PBXFrameworksBuildPhase; buildActionMask = 2147483647; files = (); runOnlyForDeploymentPostprocessing = 0; };
		A10000000000000000000022 /* Frameworks */ = {isa = PBXFrameworksBuildPhase; buildActionMask = 2147483647; files = (); runOnlyForDeploymentPostprocessing = 0; };
/* End PBXFrameworksBuildPhase section */

/* Begin PBXGroup section */
		A10000000000000000000031 = {
			isa = PBXGroup;
			children = (
				A10000000000000000000032 /* GymWorkout */,
				A10000000000000000000033 /* GymWorkoutTests */,
				A10000000000000000000034 /* Products */,
			);
			sourceTree = "<group>";
		};
		A10000000000000000000032 /* GymWorkout */ = { isa = PBXGroup; children = ( A10000000000000000000001 /* GymWorkoutApp.swift */, A10000000000000000000009 /* Assets.xcassets */, A10000000000000000000035 /* Models */, A10000000000000000000036 /* Data */, A10000000000000000000037 /* ViewModels */, ); path = GymWorkout; sourceTree = "<group>"; };
		A10000000000000000000035 /* Models */ = { isa = PBXGroup; children = ( A10000000000000000000005 /* Exercise.swift */, A10000000000000000000006 /* WorkoutSession.swift */, ); path = Models; sourceTree = "<group>"; };
		A10000000000000000000036 /* Data */ = { isa = PBXGroup; children = ( A10000000000000000000007 /* SeedWorkoutFactory.swift */, ); path = Data; sourceTree = "<group>"; };
		A10000000000000000000037 /* ViewModels */ = { isa = PBXGroup; children = ( A10000000000000000000023 /* WorkoutSessionStore.swift */, ); path = ViewModels; sourceTree = "<group>"; };
		A10000000000000000000033 /* GymWorkoutTests */ = { isa = PBXGroup; children = ( A10000000000000000000002 /* ExerciseModelTests.swift */, A10000000000000000000008 /* SeedWorkoutFactoryTests.swift */, A10000000000000000000024 /* WorkoutSessionStoreTests.swift */, ); path = GymWorkoutTests; sourceTree = "<group>"; };
		A10000000000000000000034 /* Products */ = { isa = PBXGroup; children = ( A10000000000000000000003 /* GymWorkout.app */, A10000000000000000000004 /* GymWorkoutTests.xctest */, ); name = Products; sourceTree = "<group>"; };
/* End PBXGroup section */

/* Begin PBXNativeTarget section */
		A10000000000000000000041 /* GymWorkout */ = {
			isa = PBXNativeTarget;
			buildConfigurationList = A10000000000000000000051 /* Build configuration list for PBXNativeTarget "GymWorkout" */;
			buildPhases = ( A10000000000000000000061 /* Sources */, A10000000000000000000021 /* Frameworks */, A10000000000000000000062 /* Resources */, );
			buildRules = ();
			dependencies = ();
			name = GymWorkout;
			productName = GymWorkout;
			productReference = A10000000000000000000003 /* GymWorkout.app */;
			productType = "com.apple.product-type.application";
		};
		A10000000000000000000042 /* GymWorkoutTests */ = {
			isa = PBXNativeTarget;
			buildConfigurationList = A10000000000000000000052 /* Build configuration list for PBXNativeTarget "GymWorkoutTests" */;
			buildPhases = ( A10000000000000000000063 /* Sources */, A10000000000000000000022 /* Frameworks */, A10000000000000000000064 /* Resources */, );
			buildRules = ();
			dependencies = ( A10000000000000000000071 /* PBXTargetDependency */, );
			name = GymWorkoutTests;
			productName = GymWorkoutTests;
			productReference = A10000000000000000000004 /* GymWorkoutTests.xctest */;
			productType = "com.apple.product-type.bundle.unit-test";
		};
/* End PBXNativeTarget section */

/* Begin PBXProject section */
		A10000000000000000000081 /* Project object */ = {
			isa = PBXProject;
			compatibilityVersion = "Xcode 14.0";
			attributes = { BuildIndependentTargetsInParallel = 1; LastSwiftUpdateCheck = 2660; LastUpgradeCheck = 2660; TargetAttributes = { A10000000000000000000041 = { CreatedOnToolsVersion = 26.6; }; A10000000000000000000042 = { CreatedOnToolsVersion = 26.6; TestTargetID = A10000000000000000000041; }; }; };
			buildConfigurationList = A10000000000000000000053 /* Build configuration list for PBXProject "GymWorkout" */;
			developmentRegion = en;
			hasScannedForEncodings = 0;
			knownRegions = ( en, Base, );
			mainGroup = A10000000000000000000031;
			productRefGroup = A10000000000000000000034 /* Products */;
			projectDirPath = "";
			projectRoot = "";
			targets = ( A10000000000000000000041 /* GymWorkout */, A10000000000000000000042 /* GymWorkoutTests */, );
		};
/* End PBXProject section */

/* Begin PBXResourcesBuildPhase section */
		A10000000000000000000062 /* Resources */ = { isa = PBXResourcesBuildPhase; buildActionMask = 2147483647; files = ( A10000000000000000000017 /* Assets.xcassets in Resources */, ); runOnlyForDeploymentPostprocessing = 0; };
		A10000000000000000000064 /* Resources */ = { isa = PBXResourcesBuildPhase; buildActionMask = 2147483647; files = (); runOnlyForDeploymentPostprocessing = 0; };
/* End PBXResourcesBuildPhase section */

/* Begin PBXSourcesBuildPhase section */
		A10000000000000000000061 /* Sources */ = { isa = PBXSourcesBuildPhase; buildActionMask = 2147483647; files = ( A10000000000000000000011 /* GymWorkoutApp.swift in Sources */, A10000000000000000000013 /* Exercise.swift in Sources */, A10000000000000000000014 /* WorkoutSession.swift in Sources */, A10000000000000000000015 /* SeedWorkoutFactory.swift in Sources */, A10000000000000000000018 /* WorkoutSessionStore.swift in Sources */, ); runOnlyForDeploymentPostprocessing = 0; };
		A10000000000000000000063 /* Sources */ = { isa = PBXSourcesBuildPhase; buildActionMask = 2147483647; files = ( A10000000000000000000012 /* ExerciseModelTests.swift in Sources */, A10000000000000000000016 /* SeedWorkoutFactoryTests.swift in Sources */, A10000000000000000000019 /* WorkoutSessionStoreTests.swift in Sources */, ); runOnlyForDeploymentPostprocessing = 0; };
/* End PBXSourcesBuildPhase section */

/* Begin PBXTargetDependency section */
		A10000000000000000000071 /* PBXTargetDependency */ = { isa = PBXTargetDependency; target = A10000000000000000000041 /* GymWorkout */; targetProxy = A10000000000000000000072 /* PBXContainerItemProxy */; };
/* End PBXTargetDependency section */

/* Begin PBXContainerItemProxy section */
		A10000000000000000000072 /* PBXContainerItemProxy */ = { isa = PBXContainerItemProxy; containerPortal = A10000000000000000000081 /* Project object */; proxyType = 1; remoteGlobalIDString = A10000000000000000000041; remoteInfo = GymWorkout; };
/* End PBXContainerItemProxy section */

/* Begin XCBuildConfiguration section */
		A10000000000000000000091 /* Debug */ = { isa = XCBuildConfiguration; buildSettings = { ALWAYS_SEARCH_USER_PATHS = NO; CLANG_ENABLE_MODULES = YES; CLANG_ENABLE_OBJC_ARC = YES; CLANG_WARN_DOCUMENTATION_COMMENTS = YES; DEBUG_INFORMATION_FORMAT = dwarf; ENABLE_TESTABILITY = YES; GCC_C_LANGUAGE_STANDARD = gnu17; IPHONEOS_DEPLOYMENT_TARGET = 18.0; SDKROOT = iphoneos; SWIFT_VERSION = 6.0; }; name = Debug; };
		A10000000000000000000092 /* Release */ = { isa = XCBuildConfiguration; buildSettings = { ALWAYS_SEARCH_USER_PATHS = NO; CLANG_ENABLE_MODULES = YES; CLANG_ENABLE_OBJC_ARC = YES; GCC_C_LANGUAGE_STANDARD = gnu17; IPHONEOS_DEPLOYMENT_TARGET = 18.0; SDKROOT = iphoneos; SWIFT_COMPILATION_MODE = wholemodule; SWIFT_OPTIMIZATION_LEVEL = "-O"; SWIFT_VERSION = 6.0; }; name = Release; };
		A10000000000000000000093 /* Debug */ = { isa = XCBuildConfiguration; buildSettings = { CODE_SIGN_STYLE = Automatic; CURRENT_PROJECT_VERSION = 1; DEVELOPMENT_TEAM = ""; ENABLE_PREVIEWS = YES; GENERATE_INFOPLIST_FILE = YES; INFOPLIST_KEY_CFBundleDisplayName = GymWorkout; IPHONEOS_DEPLOYMENT_TARGET = 18.0; LD_RUNPATH_SEARCH_PATHS = "@executable_path/Frameworks"; MARKETING_VERSION = 1.0; PRODUCT_BUNDLE_IDENTIFIER = com.gymworkout.app; PRODUCT_NAME = "$(TARGET_NAME)"; SUPPORTED_PLATFORMS = "iphoneos iphonesimulator"; SUPPORTS_MACCATALYST = NO; SWIFT_EMIT_LOC_STRINGS = YES; SWIFT_STRICT_CONCURRENCY = complete; SWIFT_VERSION = 6.0; TARGETED_DEVICE_FAMILY = 1; }; name = Debug; };
		A10000000000000000000094 /* Release */ = { isa = XCBuildConfiguration; buildSettings = { CODE_SIGN_STYLE = Automatic; CURRENT_PROJECT_VERSION = 1; DEVELOPMENT_TEAM = ""; ENABLE_PREVIEWS = YES; GENERATE_INFOPLIST_FILE = YES; INFOPLIST_KEY_CFBundleDisplayName = GymWorkout; IPHONEOS_DEPLOYMENT_TARGET = 18.0; LD_RUNPATH_SEARCH_PATHS = "@executable_path/Frameworks"; MARKETING_VERSION = 1.0; PRODUCT_BUNDLE_IDENTIFIER = com.gymworkout.app; PRODUCT_NAME = "$(TARGET_NAME)"; SUPPORTED_PLATFORMS = "iphoneos iphonesimulator"; SUPPORTS_MACCATALYST = NO; SWIFT_COMPILATION_MODE = wholemodule; SWIFT_OPTIMIZATION_LEVEL = "-O"; SWIFT_VERSION = 6.0; TARGETED_DEVICE_FAMILY = 1; }; name = Release; };
		A10000000000000000000095 /* Debug */ = { isa = XCBuildConfiguration; buildSettings = { BUNDLE_LOADER = "$(TEST_HOST)"; GENERATE_INFOPLIST_FILE = YES; IPHONEOS_DEPLOYMENT_TARGET = 18.0; LD_RUNPATH_SEARCH_PATHS = "$(inherited) @executable_path/Frameworks @loader_path/Frameworks"; PRODUCT_BUNDLE_IDENTIFIER = com.gymworkout.app.tests; PRODUCT_NAME = "$(TARGET_NAME)"; SDKROOT = iphoneos; SWIFT_STRICT_CONCURRENCY = complete; SWIFT_VERSION = 6.0; TARGETED_DEVICE_FAMILY = 1; TEST_HOST = "$(BUILT_PRODUCTS_DIR)/GymWorkout.app/$(BUNDLE_EXECUTABLE_FOLDER_PATH)/GymWorkout"; }; name = Debug; };
		A10000000000000000000096 /* Release */ = { isa = XCBuildConfiguration; buildSettings = { BUNDLE_LOADER = "$(TEST_HOST)"; GENERATE_INFOPLIST_FILE = YES; IPHONEOS_DEPLOYMENT_TARGET = 18.0; LD_RUNPATH_SEARCH_PATHS = "$(inherited) @executable_path/Frameworks @loader_path/Frameworks"; PRODUCT_BUNDLE_IDENTIFIER = com.gymworkout.app.tests; PRODUCT_NAME = "$(TARGET_NAME)"; SDKROOT = iphoneos; SWIFT_COMPILATION_MODE = wholemodule; SWIFT_OPTIMIZATION_LEVEL = "-O"; SWIFT_VERSION = 6.0; TARGETED_DEVICE_FAMILY = 1; TEST_HOST = "$(BUILT_PRODUCTS_DIR)/GymWorkout.app/$(BUNDLE_EXECUTABLE_FOLDER_PATH)/GymWorkout"; }; name = Release; };
/* End XCBuildConfiguration section */

/* Begin XCConfigurationList section */
		A10000000000000000000051 /* Build configuration list for PBXNativeTarget "GymWorkout" */ = { isa = XCConfigurationList; buildConfigurations = ( A10000000000000000000093 /* Debug */, A10000000000000000000094 /* Release */, ); defaultConfigurationIsVisible = 0; defaultConfigurationName = Release; };
		A10000000000000000000052 /* Build configuration list for PBXNativeTarget "GymWorkoutTests" */ = { isa = XCConfigurationList; buildConfigurations = ( A10000000000000000000095 /* Debug */, A10000000000000000000096 /* Release */, ); defaultConfigurationIsVisible = 0; defaultConfigurationName = Release; };
		A10000000000000000000053 /* Build configuration list for PBXProject "GymWorkout" */ = { isa = XCConfigurationList; buildConfigurations = ( A10000000000000000000091 /* Debug */, A10000000000000000000092 /* Release */, ); defaultConfigurationIsVisible = 0; defaultConfigurationName = Release; };
/* End XCConfigurationList section */
	};
	rootObject = A10000000000000000000081 /* Project object */;
}
